
Microsoft Visual Studio Solution File, Format Version 12.00
# Visual Studio 2013
VisualStudioVersion = 12.0.31101.0
MinimumVisualStudioVersion = 10.0.40219.1
Project("{FAE04EC0-301F-11D3-BF4B-00C04F79EFBC}") = "Caching", "src\Caching\Caching.csproj", "{FBDE1D2F-E453-4F48-803E-5BEA3420DAFB}"
EndProject
Project("{FAE04EC0-301F-11D3-BF4B-00C04F79EFBC}") = "Caching.Tests", "tests\Caching.Tests\Caching.Tests.csproj", "{08508F55-05AB-4D14-A457-8E6A69F9B92C}"
EndProject
Global
	GlobalSection(SolutionConfigurationPlatforms) = preSolution
		Debug|Any CPU = Debug|Any CPU
		Release|Any CPU = Release|Any CPU
	EndGlobalSection
	GlobalSection(ProjectConfigurationPlatforms) = postSolution
		{FBDE1D2F-E453-4F48-803E-5BEA3420DAFB}.Debug|Any CPU.ActiveCfg = Debug|Any CPU
		{FBDE1D2F-E453-4F48-803E-5BEA3420DAFB}.Debug|Any CPU.Build.0 = Debug|Any CPU
		{FBDE1D2F-E453-4F48-803E-5BEA3420DAFB}.Release|Any CPU.ActiveCfg = Release|Any CPU
		{FBDE1D2F-E453-4F48-803E-5BEA3420DAFB}.Release|Any CPU.Build.0 = Release|Any CPU
		{08508F55-05AB-4D14-A457-8E6A69F9B92C}.Debug|Any CPU.ActiveCfg = Debug|Any CPU
		{08508F55-05AB-4D14-A457-8E6A69F9B92C}.Debug|Any CPU.Build.0 = Debug|Any CPU
		{08508F55-05AB-4D14-A457-8E6A69F9B92C}.Release|Any CPU.ActiveCfg = Release|Any CPU
		{08508F55-05AB-4D14-A457-8E6A69F9B92C}.Release|Any CPU.Build.0 = Release|Any CPU
	EndGlobalSection
	GlobalSection(SolutionProperties) = preSolution
		HideSolutionNode = FALSE
	EndGlobalSection
EndGlobal
